
Microsoft Visual Studio Solution File, Format Version 12.00
# Visual Studio Version 16
VisualStudioVersion = 16.0.29215.179
MinimumVisualStudioVersion = 10.0.40219.1
Project("{FAE04EC0-301F-11D3-BF4B-00C04F79EFBC}") = "Decorator", "Decorator.csproj", "{B71AB4CF-0536-46A8-97E8-E145932BD194}"
EndProject
Global
	GlobalSection(SolutionConfigurationPlatforms) = preSolution
		Debug|Any CPU = Debug|Any CPU
		Release|Any CPU = Release|Any CPU
	EndGlobalSection
	GlobalSection(ProjectConfigurationPlatforms) = postSolution
		{B71AB4CF-0536-46A8-97E8-E145932BD194}.Debug|Any CPU.ActiveCfg = Debug|Any CPU
		{B71AB4CF-0536-46A8-97E8-E145932BD194}.Debug|Any CPU.Build.0 = Debug|Any CPU
		{B71AB4CF-0536-46A8-97E8-E145932BD194}.Release|Any CPU.ActiveCfg = Release|Any CPU
		{B71AB4CF-0536-46A8-97E8-E145932BD194}.Release|Any CPU.Build.0 = Release|Any CPU
	EndGlobalSection
	GlobalSection(SolutionProperties) = preSolution
		HideSolutionNode = FALSE
	EndGlobalSection
	GlobalSection(ExtensibilityGlobals) = postSolution
		SolutionGuid = {00EE8DF5-346F-4A28-877C-E19F4DDD9701}
	EndGlobalSection
EndGlobal
